PODS:
  - Alamofire (5.0.5)
  - Kingfisher (5.13.2):
    - Kingfisher/Core (= 5.13.2)
  - Kingfisher/Core (5.13.2)
  - PromiseKit (6.13.1):
    - PromiseKit/CorePromise (= 6.13.1)
    - PromiseKit/Foundation (= 6.13.1)
    - PromiseKit/UIKit (= 6.13.1)
  - PromiseKit/CorePromise (6.13.1)
  - PromiseKit/Foundation (6.13.1):
    - PromiseKit/CorePromise
  - PromiseKit/UIKit (6.13.1):
    - PromiseKit/CorePromise
  - RxCocoa (5.1.1):
    - RxRelay (~> 5)
    - RxSwift (~> 5)
  - RxRelay (5.1.1):
    - RxSwift (~> 5)
  - RxSwift (5.1.1)
  - SnapKit (5.0.1)
  - SwiftyJSON (4.0.0)

DEPENDENCIES:
  - Alamofire (~> 5.0)
  - Kingfisher (~> 5.0)
  - PromiseKit (~> 6.0)
  - RxCocoa (~> 5)
  - RxSwift (~> 5)
  - SnapKit (~> 5.0.0)
  - SwiftyJSON (~> 4.0.0)

SPEC REPOS:
  https://github.com/cocoapods/specs.git:
    - Alamofire
    - Kingfisher
    - PromiseKit
    - RxCocoa
    - RxRelay
    - RxSwift
    - SnapKit
    - SwiftyJSON

SPEC CHECKSUMS:
  Alamofire: df2f8f826963b08b9a870791ad48e07a10090b2e
  Kingfisher: d342c8354c10c3d85a27d6d4c42c41285924b898
  PromiseKit: 28fda91c973cc377875d8c0ea4f973013c05b6db
  RxCocoa: 32065309a38d29b5b0db858819b5bf9ef038b601
  RxRelay: d77f7d771495f43c556cbc43eebd1bb54d01e8e9
  RxSwift: 81470a2074fa8780320ea5fe4102807cb7118178
  SnapKit: 97b92857e3df3a0c71833cce143274bf6ef8e5eb
  SwiftyJSON: 070dabdcb1beb81b247c65ffa3a79dbbfb3b48aa

PODFILE CHECKSUM: 863e91e938deff4a7d57a304fa175eea230c1c95

COCOAPODS: 1.7.5
